
Microsoft Visual Studio Solution File, Format Version 9.00
# Visual Studio 2005
Project("{E24C65DC-7377-472B-9ABA-BC803B73C61A}") = "C:\...\FD\", ".", "{4FF6E0AC-A9A8-4036-865F-376AE8627AC9}"
	ProjectSection(WebsiteProperties) = preProject
		SccProjectName = ""
		SccAuxPath = ""
		SccLocalPath = ""
		SccProvider = ""
		ProjectReferences = "{7AB5CB26-1729-42C7-BD98-2B394AC84FA4}|Entities.dll;{320A6AEB-3611-49F6-8CEC-B04B413445E2}|DataAccessLayer.dll;{85A261CA-DA09-419B-881A-62AE870CBB72}|BusinessLayer.dll;"
		Debug.AspNetCompiler.VirtualPath = "/FD"
		Debug.AspNetCompiler.PhysicalPath = "..\..\..\..\TFSOUT\IGJ.FormularioDigital\V1\FD\"
		Debug.AspNetCompiler.TargetPath = "PrecompiledWeb\FD\"
		Debug.AspNetCompiler.Updateable = "true"
		Debug.AspNetCompiler.ForceOverwrite = "true"
		Debug.AspNetCompiler.FixedNames = "false"
		Debug.AspNetCompiler.Debug = "True"
		Release.AspNetCompiler.VirtualPath = "/FD"
		Release.AspNetCompiler.PhysicalPath = "..\..\..\..\TFSOUT\IGJ.FormularioDigital\V1\FD\"
		Release.AspNetCompiler.TargetPath = "PrecompiledWeb\FD\"
		Release.AspNetCompiler.Updateable = "true"
		Release.AspNetCompiler.ForceOverwrite = "true"
		Release.AspNetCompiler.FixedNames = "false"
		Release.AspNetCompiler.Debug = "False"
		VWDPort = "10682"
	EndProjectSection
	ProjectSection(ProjectDependencies) = postProject
		{7AB5CB26-1729-42C7-BD98-2B394AC84FA4} = {7AB5CB26-1729-42C7-BD98-2B394AC84FA4}
		{320A6AEB-3611-49F6-8CEC-B04B413445E2} = {320A6AEB-3611-49F6-8CEC-B04B413445E2}
		{85A261CA-DA09-419B-881A-62AE870CBB72} = {85A261CA-DA09-419B-881A-62AE870CBB72}
	EndProjectSection
EndProject
Project("{FAE04EC0-301F-11D3-BF4B-00C04F79EFBC}") = "BusinessLayer", "BusinessLayer\BusinessLayer.csproj", "{85A261CA-DA09-419B-881A-62AE870CBB72}"
	ProjectSection(WebsiteProperties) = preProject
		Debug.AspNetCompiler.Debug = "True"
		Release.AspNetCompiler.Debug = "False"
	EndProjectSection
EndProject
Project("{FAE04EC0-301F-11D3-BF4B-00C04F79EFBC}") = "DataAccessLayer", "DataAccessLayer\DataAccessLayer.csproj", "{320A6AEB-3611-49F6-8CEC-B04B413445E2}"
	ProjectSection(WebsiteProperties) = preProject
		Debug.AspNetCompiler.Debug = "True"
		Release.AspNetCompiler.Debug = "False"
	EndProjectSection
EndProject
Project("{FAE04EC0-301F-11D3-BF4B-00C04F79EFBC}") = "Entities", "Entities\Entities.csproj", "{7AB5CB26-1729-42C7-BD98-2B394AC84FA4}"
	ProjectSection(WebsiteProperties) = preProject
		Debug.AspNetCompiler.Debug = "True"
		Release.AspNetCompiler.Debug = "False"
	EndProjectSection
EndProject
Global
	GlobalSection(SolutionConfigurationPlatforms) = preSolution
		Debug|.NET = Debug|.NET
		Debug|Any CPU = Debug|Any CPU
		Debug|Mixed Platforms = Debug|Mixed Platforms
		Release|.NET = Release|.NET
		Release|Any CPU = Release|Any CPU
		Release|Mixed Platforms = Release|Mixed Platforms
	EndGlobalSection
	GlobalSection(ProjectConfigurationPlatforms) = postSolution
		{4FF6E0AC-A9A8-4036-865F-376AE8627AC9}.Debug|.NET.ActiveCfg = Debug|.NET
		{4FF6E0AC-A9A8-4036-865F-376AE8627AC9}.Debug|.NET.Build.0 = Debug|.NET
		{4FF6E0AC-A9A8-4036-865F-376AE8627AC9}.Debug|Any CPU.ActiveCfg = Debug|.NET
		{4FF6E0AC-A9A8-4036-865F-376AE8627AC9}.Debug|Mixed Platforms.ActiveCfg = Debug|.NET
		{4FF6E0AC-A9A8-4036-865F-376AE8627AC9}.Debug|Mixed Platforms.Build.0 = Debug|.NET
		{4FF6E0AC-A9A8-4036-865F-376AE8627AC9}.Release|.NET.ActiveCfg = Debug|.NET
		{4FF6E0AC-A9A8-4036-865F-376AE8627AC9}.Release|.NET.Build.0 = Debug|.NET
		{4FF6E0AC-A9A8-4036-865F-376AE8627AC9}.Release|Any CPU.ActiveCfg = Debug|.NET
		{4FF6E0AC-A9A8-4036-865F-376AE8627AC9}.Release|Mixed Platforms.ActiveCfg = Debug|.NET
		{4FF6E0AC-A9A8-4036-865F-376AE8627AC9}.Release|Mixed Platforms.Build.0 = Debug|.NET
		{85A261CA-DA09-419B-881A-62AE870CBB72}.Debug|.NET.ActiveCfg = Debug|Any CPU
		{85A261CA-DA09-419B-881A-62AE870CBB72}.Debug|Any CPU.ActiveCfg = Debug|Any CPU
		{85A261CA-DA09-419B-881A-62AE870CBB72}.Debug|Any CPU.Build.0 = Debug|Any CPU
		{85A261CA-DA09-419B-881A-62AE870CBB72}.Debug|Mixed Platforms.ActiveCfg = Debug|Any CPU
		{85A261CA-DA09-419B-881A-62AE870CBB72}.Debug|Mixed Platforms.Build.0 = Debug|Any CPU
		{85A261CA-DA09-419B-881A-62AE870CBB72}.Release|.NET.ActiveCfg = Release|Any CPU
		{85A261CA-DA09-419B-881A-62AE870CBB72}.Release|Any CPU.ActiveCfg = Release|Any CPU
		{85A261CA-DA09-419B-881A-62AE870CBB72}.Release|Any CPU.Build.0 = Release|Any CPU
		{85A261CA-DA09-419B-881A-62AE870CBB72}.Release|Mixed Platforms.ActiveCfg = Release|Any CPU
		{85A261CA-DA09-419B-881A-62AE870CBB72}.Release|Mixed Platforms.Build.0 = Release|Any CPU
		{320A6AEB-3611-49F6-8CEC-B04B413445E2}.Debug|.NET.ActiveCfg = Debug|Any CPU
		{320A6AEB-3611-49F6-8CEC-B04B413445E2}.Debug|Any CPU.ActiveCfg = Debug|Any CPU
		{320A6AEB-3611-49F6-8CEC-B04B413445E2}.Debug|Any CPU.Build.0 = Debug|Any CPU
		{320A6AEB-3611-49F6-8CEC-B04B413445E2}.Debug|Mixed Platforms.ActiveCfg = Debug|Any CPU
		{320A6AEB-3611-49F6-8CEC-B04B413445E2}.Debug|Mixed Platforms.Build.0 = Debug|Any CPU
		{320A6AEB-3611-49F6-8CEC-B04B413445E2}.Release|.NET.ActiveCfg = Release|Any CPU
		{320A6AEB-3611-49F6-8CEC-B04B413445E2}.Release|Any CPU.ActiveCfg = Release|Any CPU
		{320A6AEB-3611-49F6-8CEC-B04B413445E2}.Release|Any CPU.Build.0 = Release|Any CPU
		{320A6AEB-3611-49F6-8CEC-B04B413445E2}.Release|Mixed Platforms.ActiveCfg = Release|Any CPU
		{320A6AEB-3611-49F6-8CEC-B04B413445E2}.Release|Mixed Platforms.Build.0 = Release|Any CPU
		{7AB5CB26-1729-42C7-BD98-2B394AC84FA4}.Debug|.NET.ActiveCfg = Debug|Any CPU
		{7AB5CB26-1729-42C7-BD98-2B394AC84FA4}.Debug|Any CPU.ActiveCfg = Debug|Any CPU
		{7AB5CB26-1729-42C7-BD98-2B394AC84FA4}.Debug|Any CPU.Build.0 = Debug|Any CPU
		{7AB5CB26-1729-42C7-BD98-2B394AC84FA4}.Debug|Mixed Platforms.ActiveCfg = Debug|Any CPU
		{7AB5CB26-1729-42C7-BD98-2B394AC84FA4}.Debug|Mixed Platforms.Build.0 = Debug|Any CPU
		{7AB5CB26-1729-42C7-BD98-2B394AC84FA4}.Release|.NET.ActiveCfg = Release|Any CPU
		{7AB5CB26-1729-42C7-BD98-2B394AC84FA4}.Release|Any CPU.ActiveCfg = Release|Any CPU
		{7AB5CB26-1729-42C7-BD98-2B394AC84FA4}.Release|Any CPU.Build.0 = Release|Any CPU
		{7AB5CB26-1729-42C7-BD98-2B394AC84FA4}.Release|Mixed Platforms.ActiveCfg = Release|Any CPU
		{7AB5CB26-1729-42C7-BD98-2B394AC84FA4}.Release|Mixed Platforms.Build.0 = Release|Any CPU
	EndGlobalSection
	GlobalSection(SolutionProperties) = preSolution
		HideSolutionNode = FALSE
	EndGlobalSection
EndGlobal
